FFMPEG_VERSION=9.0.1
FFMPEG_URL=https://ffmpeg.org/releases/ffmpeg-9.0.1.tar.xz
FFMPEG_SIGNATURE_URL=https://ffmpeg.org/releases/ffmpeg-9.0.1.tar.xz.asc
FFMPEG_SHA256=cf38e0e28c7e5605942c4a77755349b0145804a397af37eb1fb4c77cb237f635
FFMPEG_SIGNING_KEY_FINGERPRINT=FCF986EA15E6E293A5644F10B4322F04D67658D8
FFMPEG_SIGNING_KEY_SHA256=397b3becedcd5a98769967ff1ff8501ddc89f8368b8f766e4701377d7dbaabe5
IOS_DEPLOYMENT_TARGET=15.0
