BRIDGE_SOURCE_SHA256=95ce0e27eff2d6f1a9f00aca2b676d68eddd06b3be39ccc75b2ddb7eabbfb455
BRIDGE_HEADER_SHA256=a6e962ac9cbe56216bbfaeb3eb3c54a845a6c933b025d10c97aab316b117ba5e
BRIDGE_MODULEMAP_SHA256=07b626cfd01759b3d6586317975779dadc3afad2611abbdf92e03ca7db0bea40
BRIDGE_BINARY_SHA256=ff4631b6cde85ac089a668c9b9e03e5e245e0248842c8961aaf702de6a500389
